
Microsoft Visual Studio Solution File, Format Version 12.00
# Visual Studio Version 16
VisualStudioVersion = 16.0.29806.167
MinimumVisualStudioVersion = 10.0.40219.1
Project("{FAE04EC0-301F-11D3-BF4B-00C04F79EFBC}") = "CrowlingBlowing", "CrowlingBlowing\CrowlingBlowing.csproj", "{54865886-B506-431B-A75A-D6D4DF95B508}"
EndProject
Global
	GlobalSection(SolutionConfigurationPlatforms) = preSolution
		Debug|Any CPU = Debug|Any CPU
		Release|Any CPU = Release|Any CPU
	EndGlobalSection
	GlobalSection(ProjectConfigurationPlatforms) = postSolution
		{54865886-B506-431B-A75A-D6D4DF95B508}.Debug|Any CPU.ActiveCfg = Debug|Any CPU
		{54865886-B506-431B-A75A-D6D4DF95B508}.Debug|Any CPU.Build.0 = Debug|Any CPU
		{54865886-B506-431B-A75A-D6D4DF95B508}.Release|Any CPU.ActiveCfg = Release|Any CPU
		{54865886-B506-431B-A75A-D6D4DF95B508}.Release|Any CPU.Build.0 = Release|Any CPU
	EndGlobalSection
	GlobalSection(SolutionProperties) = preSolution
		HideSolutionNode = FALSE
	EndGlobalSection
	GlobalSection(ExtensibilityGlobals) = postSolution
		SolutionGuid = {76177853-05D5-4F44-8501-56E8F23DA908}
	EndGlobalSection
EndGlobal
